
Microsoft Visual Studio Solution File, Format Version 12.00
# Visual Studio Version 17
VisualStudioVersion = 17.8.34330.188
MinimumVisualStudioVersion = 10.0.40219.1
Project("{FAE04EC0-301F-11D3-BF4B-00C04F79EFBC}") = "DominosDriverHustleComp", "DominosDriverHustleComp.csproj", "{1D10559E-69F2-4108-A715-D922D58CA0B3}"
EndProject
Global
	GlobalSection(SolutionConfigurationPlatforms) = preSolution
		Debug|Any CPU = Debug|Any CPU
		Release|Any CPU = Release|Any CPU
	EndGlobalSection
	GlobalSection(ProjectConfigurationPlatforms) = postSolution
		{1D10559E-69F2-4108-A715-D922D58CA0B3}.Debug|Any CPU.ActiveCfg = Debug|Any CPU
		{1D10559E-69F2-4108-A715-D922D58CA0B3}.Debug|Any CPU.Build.0 = Debug|Any CPU
		{1D10559E-69F2-4108-A715-D922D58CA0B3}.Release|Any CPU.ActiveCfg = Release|Any CPU
		{1D10559E-69F2-4108-A715-D922D58CA0B3}.Release|Any CPU.Build.0 = Release|Any CPU
	EndGlobalSection
	GlobalSection(SolutionProperties) = preSolution
		HideSolutionNode = FALSE
	EndGlobalSection
	GlobalSection(ExtensibilityGlobals) = postSolution
		SolutionGuid = {9E9D1623-128B-4A19-8B94-D87EF9AF9464}
	EndGlobalSection
EndGlobal
